        "@sentry/replay": "^7.116.0",
    "node_modules/@sentry-internal/tracing": {
      "version": "7.116.0",
      "resolved": "https://registry.npmjs.org/@sentry-internal/tracing/-/tracing-7.116.0.tgz",
      "integrity": "sha512-y5ppEmoOlfr77c/HqsEXR72092qmGYS4QE5gSz5UZFn9CiinEwGfEorcg2xIrrCuU7Ry/ZU2VLz9q3xd04drRA==",
      "license": "MIT",
      "dependencies": {
        "@sentry/core": "7.116.0",
        "@sentry/types": "7.116.0",
        "@sentry/utils": "7.116.0"
      },
      "engines": {
        "node": ">=8"
      }
    },
    "node_modules/@sentry-internal/tracing/node_modules/@sentry/core": {
      "version": "7.116.0",
      "resolved": "https://registry.npmjs.org/@sentry/core/-/core-7.116.0.tgz",
      "integrity": "sha512-J6Wmjjx+o7RwST0weTU1KaKUAlzbc8MGkJV1rcHM9xjNTWTva+nrcCM3vFBagnk2Gm/zhwv3h0PvWEqVyp3U1Q==",
      "license": "MIT",
      "dependencies": {
        "@sentry/types": "7.116.0",
        "@sentry/utils": "7.116.0"
      },
      "engines": {
        "node": ">=8"
      }
    },
    "node_modules/@sentry/replay": {
      "version": "7.116.0",
      "resolved": "https://registry.npmjs.org/@sentry/replay/-/replay-7.116.0.tgz",
      "integrity": "sha512-OrpDtV54pmwZuKp3g7PDiJg6ruRMJKOCzK08TF7IPsKrr4x4UQn56rzMOiABVuTjuS8lNfAWDar6c6vxXFz5KA==",
      "license": "MIT",
      "dependencies": {
        "@sentry-internal/tracing": "7.116.0",
        "@sentry/core": "7.116.0",
        "@sentry/types": "7.116.0",
        "@sentry/utils": "7.116.0"
      },
      "engines": {
        "node": ">=12"
      }
    },
    "node_modules/@sentry/replay/node_modules/@sentry/core": {
      "version": "7.116.0",
      "resolved": "https://registry.npmjs.org/@sentry/core/-/core-7.116.0.tgz",
      "integrity": "sha512-J6Wmjjx+o7RwST0weTU1KaKUAlzbc8MGkJV1rcHM9xjNTWTva+nrcCM3vFBagnk2Gm/zhwv3h0PvWEqVyp3U1Q==",
      "license": "MIT",
      "dependencies": {
        "@sentry/types": "7.116.0",
        "@sentry/utils": "7.116.0"
      },
      "engines": {
        "node": ">=8"
      }
    },
    "node_modules/@sentry/types": {
      "version": "7.116.0",
      "resolved": "https://registry.npmjs.org/@sentry/types/-/types-7.116.0.tgz",
      "integrity": "sha512-QCCvG5QuQrwgKzV11lolNQPP2k67Q6HHD9vllZ/C4dkxkjoIym8Gy+1OgAN3wjsR0f/kG9o5iZyglgNpUVRapQ==",
      "license": "MIT",
      "engines": {
        "node": ">=8"
      }
    },
    "node_modules/@sentry/utils": {
      "version": "7.116.0",
      "resolved": "https://registry.npmjs.org/@sentry/utils/-/utils-7.116.0.tgz",
      "integrity": "sha512-Vn9fcvwTq91wJvCd7WTMWozimqMi+dEZ3ie3EICELC2diONcN16ADFdzn65CQQbYwmUzRjN9EjDN2k41pKZWhQ==",
      "license": "MIT",
      "dependencies": {
        "@sentry/types": "7.116.0"
      },
      "engines": {
        "node": ">=8"
      }
    },
