        "@sentry/cloudflare": "^10.18.0",
    "node_modules/@sentry/cloudflare": {
      "version": "10.18.0",
      "resolved": "https://registry.npmjs.org/@sentry/cloudflare/-/cloudflare-10.18.0.tgz",
      "integrity": "sha512-ZsM87eS2GGxTXoTBoIJtI3cpgd9cSkk2JXD34es6Q9eL0s0+smedJkrkzFssAQTNKcj/y9+i54Qb7OrNFYgUDA==",
      "license": "MIT",
      "dependencies": {
        "@opentelemetry/api": "^1.9.0",
        "@sentry/core": "10.18.0"
      },
      "engines": {
        "node": ">=18"
      },
      "peerDependencies": {
        "@cloudflare/workers-types": "^4.x"
      },
      "peerDependenciesMeta": {
        "@cloudflare/workers-types": {
          "optional": true
        }
      }
    },
    "node_modules/@sentry/cloudflare/node_modules/@sentry/core": {
      "version": "10.18.0",
      "resolved": "https://registry.npmjs.org/@sentry/core/-/core-10.18.0.tgz",
      "integrity": "sha512-zlhAlzc/Qpza8f/CMUb7zg/9FOhWouKAm9zyV9jZlx9lL6WceVbUEwQ3rq8ncGgM+LMwlASCOjsz5a728vAhCw==",
      "license": "MIT",
      "engines": {
        "node": ">=18"
      }
    },
